
Microsoft Visual Studio Solution File, Format Version 12.00
# Visual Studio 15
Project("{FAE04EC0-301F-11D3-BF4B-00C04F79EFBC}") = "ARPB2Engine", "ARPB2Engine\ARPB2Engine.csproj", "{912771A0-5F35-49BD-AA15-5EFDB8D4A4E4}"
EndProject
Project("{FAE04EC0-301F-11D3-BF4B-00C04F79EFBC}") = "ARPB2EngineTest", "ARPB2EngineTest\ARPB2EngineTest.csproj", "{425A3BEF-14F4-4961-9BE3-B8A077E132B5}"
EndProject
Global
	GlobalSection(SolutionConfigurationPlatforms) = preSolution
		Debug|x86 = Debug|x86
		Release|x86 = Release|x86
	EndGlobalSection
	GlobalSection(ProjectConfigurationPlatforms) = postSolution
		{912771A0-5F35-49BD-AA15-5EFDB8D4A4E4}.Debug|x86.ActiveCfg = Debug|Any CPU
		{912771A0-5F35-49BD-AA15-5EFDB8D4A4E4}.Debug|x86.Build.0 = Debug|Any CPU
		{912771A0-5F35-49BD-AA15-5EFDB8D4A4E4}.Release|x86.ActiveCfg = Release|Any CPU
		{912771A0-5F35-49BD-AA15-5EFDB8D4A4E4}.Release|x86.Build.0 = Release|Any CPU
		{425A3BEF-14F4-4961-9BE3-B8A077E132B5}.Debug|x86.ActiveCfg = Debug|Any CPU
		{425A3BEF-14F4-4961-9BE3-B8A077E132B5}.Debug|x86.Build.0 = Debug|Any CPU
		{425A3BEF-14F4-4961-9BE3-B8A077E132B5}.Release|x86.ActiveCfg = Release|Any CPU
		{425A3BEF-14F4-4961-9BE3-B8A077E132B5}.Release|x86.Build.0 = Release|Any CPU
	EndGlobalSection
EndGlobal
